// !$*UTF8*$!
{
	archiveVersion = 1;
	classes = {
	};
	objectVersion = 50;
	objects = {

/* Begin PBXBuildFile section */
		A4ADFFD72565C0060061AD49 /* ImageLoader.swift in Sources */ = {isa = PBXBuildFile; fileRef = A4ADFFD62565C0060061AD49 /* ImageLoader.swift */; };
		A4ADFFDA2565C0FF0061AD49 /* URLImage.swift in Sources */ = {isa = PBXBuildFile; fileRef = A4ADFFD92565C0FF0061AD49 /* URLImage.swift */; };
		A4D526FC25657F81001ECABF /* AppDelegate.swift in Sources */ = {isa = PBXBuildFile; fileRef = A4D526FB25657F81001ECABF /* AppDelegate.swift */; };
		A4D526FE25657F81001ECABF /* SceneDelegate.swift in Sources */ = {isa = PBXBuildFile; fileRef = A4D526FD25657F81001ECABF /* SceneDelegate.swift */; };
		A4D5270025657F81001ECABF /* ContentView.swift in Sources */ = {isa = PBXBuildFile; fileRef = A4D526FF25657F81001ECABF /* ContentView.swift */; };
		A4D5270225657F84001ECABF /* Assets.xcassets in Resources */ = {isa = PBXBuildFile; fileRef = A4D5270125657F84001ECABF /* Assets.xcassets */; };
		A4D5270525657F84001ECABF /* Preview Assets.xcassets in Resources */ = {isa = PBXBuildFile; fileRef = A4D5270425657F84001ECABF /* Preview Assets.xcassets */; };
		A4D5270825657F84001ECABF /* LaunchScreen.storyboard in Resources */ = {isa = PBXBuildFile; fileRef = A4D5270625657F84001ECABF /* LaunchScreen.storyboard */; };
		A4D527112565904E001ECABF /* AnimeData.swift in Sources */ = {isa = PBXBuildFile; fileRef = A4D527102565904E001ECABF /* AnimeData.swift */; };
/* End PBXBuildFile section */

/* Begin PBXFileReference section */
		A4ADFFD62565C0060061AD49 /* ImageLoader.swift */ = {isa = PBXFileReference; lastKnownFileType = sourcecode.swift; path = ImageLoader.swift; sourceTree = "<group>"; };
		A4ADFFD92565C0FF0061AD49 /* URLImage.swift */ = {isa = PBXFileReference; lastKnownFileType = sourcecode.swift; path = URLImage.swift; sourceTree = "<group>"; };
		A4D526F825657F81001ECABF /* AnimeList.app */ = {isa = PBXFileReference; explicitFileType = wrapper.application; includeInIndex = 0; path = AnimeList.app; sourceTree = BUILT_PRODUCTS_DIR; };
		A4D526FB25657F81001ECABF /* AppDelegate.swift */ = {isa = PBXFileReference; lastKnownFileType = sourcecode.swift; path = AppDelegate.swift; sourceTree = "<group>"; };
		A4D526FD25657F81001ECABF /* SceneDelegate.swift */ = {isa = PBXFileReference; lastKnownFileType = sourcecode.swift; path = SceneDelegate.swift; sourceTree = "<group>"; };
		A4D526FF25657F81001ECABF /* ContentView.swift */ = {isa = PBXFileReference; lastKnownFileType = sourcecode.swift; path = ContentView.swift; sourceTree = "<group>"; };
		A4D5270125657F84001ECABF /* Assets.xcassets */ = {isa = PBXFileReference; lastKnownFileType = folder.assetcatalog; path = Assets.xcassets; sourceTree = "<group>"; };
		A4D5270425657F84001ECABF /* Preview Assets.xcassets */ = {isa = PBXFileReference; lastKnownFileType = folder.assetcatalog; path = "Preview Assets.xcassets"; sourceTree = "<group>"; };
		A4D5270725657F84001ECABF /* Base */ = {isa = PBXFileReference; lastKnownFileType = file.storyboard; name = Base; path = Base.lproj/LaunchScreen.storyboard; sourceTree = "<group>"; };
		A4D5270925657F84001ECABF /* Info.plist */ = {isa = PBXFileReference; lastKnownFileType = text.plist.xml; path = Info.plist; sourceTree = "<group>"; };
		A4D527102565904E001ECABF /* AnimeData.swift */ = {isa = PBXFileReference; lastKnownFileType = sourcecode.swift; path = AnimeData.swift; sourceTree = "<group>"; };
/* End PBXFileReference section */

/* Begin PBXFrameworksBuildPhase section */
		A4D526F525657F81001ECABF /* Frameworks */ = {
			isa = PBXFrameworksBuildPhase;
			buildActionMask = 2147483647;
			files = (
			);
			runOnlyForDeploymentPostprocessing = 0;
		};
/* End PBXFrameworksBuildPhase section */

/* Begin PBXGroup section */
		A4D526EF25657F81001ECABF = {
			isa = PBXGroup;
			children = (
				A4D526FA25657F81001ECABF /* AnimeList */,
				A4D526F925657F81001ECABF /* Products */,
			);
			sourceTree = "<group>";
		};
		A4D526F925657F81001ECABF /* Products */ = {
			isa = PBXGroup;
			children = (
				A4D526F825657F81001ECABF /* AnimeList.app */,
			);
			name = Products;
			sourceTree = "<group>";
		};
		A4D526FA25657F81001ECABF /* AnimeList */ = {
			isa = PBXGroup;
			children = (
				A4D526FB25657F81001ECABF /* AppDelegate.swift */,
				A4D526FD25657F81001ECABF /* SceneDelegate.swift */,
				A4D527102565904E001ECABF /* AnimeData.swift */,
				A4D526FF25657F81001ECABF /* ContentView.swift */,
				A4ADFFD62565C0060061AD49 /* ImageLoader.swift */,
				A4ADFFD92565C0FF0061AD49 /* URLImage.swift */,
				A4D5270125657F84001ECABF /* Assets.xcassets */,
				A4D5270625657F84001ECABF /* LaunchScreen.storyboard */,
				A4D5270925657F84001ECABF /* Info.plist */,
				A4D5270325657F84001ECABF /* Preview Content */,
			);
			path = AnimeList;
			sourceTree = "<group>";
		};
		A4D5270325657F84001ECABF /* Preview Content */ = {
			isa = PBXGroup;
			children = (
				A4D5270425657F84001ECABF /* Preview Assets.xcassets */,
			);
			path = "Preview Content";
			sourceTree = "<group>";
		};
/* End PBXGroup section */

/* Begin PBXNativeTarget section */
		A4D526F725657F81001ECABF /* AnimeList */ = {
			isa = PBXNativeTarget;
			buildConfigurationList = A4D5270C25657F84001ECABF /* Build configuration list for PBXNativeTarget "AnimeList" */;
			buildPhases = (
				A4D526F425657F81001ECABF /* Sources */,
				A4D526F525657F81001ECABF /* Frameworks */,
				A4D526F625657F81001ECABF /* Resources */,
			);
			buildRules = (
			);
			dependencies = (
			);
			name = AnimeList;
			productName = AnimeList;
			productReference = A4D526F825657F81001ECABF /* AnimeList.app */;
			productType = "com.apple.product-type.application";
		};
/* End PBXNativeTarget section */

/* Begin PBXProject section */
		A4D526F025657F81001ECABF /* Project object */ = {
			isa = PBXProject;
			attributes = {
				LastSwiftUpdateCheck = 1220;
				LastUpgradeCheck = 1220;
				TargetAttributes = {
					A4D526F725657F81001ECABF = {
						CreatedOnToolsVersion = 12.2;
					};
				};
			};
			buildConfigurationList = A4D526F325657F81001ECABF /* Build configuration list for PBXProject "AnimeList" */;
			compatibilityVersion = "Xcode 9.3";
			developmentRegion = en;
			hasScannedForEncodings = 0;
			knownRegions = (
				en,
				Base,
			);
			mainGroup = A4D526EF25657F81001ECABF;
			productRefGroup = A4D526F925657F81001ECABF /* Products */;
			projectDirPath = "";
			projectRoot = "";
			targets = (
				A4D526F725657F81001ECABF /* AnimeList */,
			);
		};
/* End PBXProject section */

/* Begin PBXResourcesBuildPhase section */
		A4D526F625657F81001ECABF /* Resources */ = {
			isa = PBXResourcesBuildPhase;
			buildActionMask = 2147483647;
			files = (
				A4D5270825657F84001ECABF /* LaunchScreen.storyboard in Resources */,
				A4D5270525657F84001ECABF /* Preview Assets.xcassets in Resources */,
				A4D5270225657F84001ECABF /* Assets.xcassets in Resources */,
			);
			runOnlyForDeploymentPostprocessing = 0;
		};
/* End PBXResourcesBuildPhase section */

/* Begin PBXSourcesBuildPhase section */
		A4D526F425657F81001ECABF /* Sources */ = {
			isa = PBXSourcesBuildPhase;
			buildActionMask = 2147483647;
			files = (
				A4D526FC25657F81001ECABF /* AppDelegate.swift in Sources */,
				A4ADFFDA2565C0FF0061AD49 /* URLImage.swift in Sources */,
				A4D526FE25657F81001ECABF /* SceneDelegate.swift in Sources */,
				A4ADFFD72565C0060061AD49 /* ImageLoader.swift in Sources */,
				A4D527112565904E001ECABF /* AnimeData.swift in Sources */,
				A4D5270025657F81001ECABF /* ContentView.swift in Sources */,
			);
			runOnlyForDeploymentPostprocessing = 0;
		};
/* End PBXSourcesBuildPhase section */

/* Begin PBXVariantGroup section */
		A4D5270625657F84001ECABF /* LaunchScreen.storyboard */ = {
			isa = PBXVariantGroup;
			children = (
				A4D5270725657F84001ECABF /* Base */,
			);
			name = LaunchScreen.storyboard;
			sourceTree = "<group>";
		};
/* End PBXVariantGroup section */

/* Begin XCBuildConfiguration section */
		A4D5270A25657F84001ECABF /* Debug */ = {
			isa = XCBuildConfiguration;
			buildSettings = {
				ALWAYS_SEARCH_USER_PATHS = NO;
				CLANG_ANALYZER_NONNULL = YES;
				CLANG_ANALYZER_NUMBER_OBJECT_CONVERSION = YES_AGGRESSIVE;
				CLANG_CXX_LANGUAGE_STANDARD = "gnu++14";
				CLANG_CXX_LIBRARY = "libc++";
				CLANG_ENABLE_MODULES = YES;
				CLANG_ENABLE_OBJC_ARC = YES;
				CLANG_ENABLE_OBJC_WEAK = YES;
				CLANG_WARN_BLOCK_CAPTURE_AUTORELEASING = YES;
				CLANG_WARN_BOOL_CONVERSION = YES;
				CLANG_WARN_COMMA = YES;
				CLANG_WARN_CONSTANT_CONVERSION = YES;
				CLANG_WARN_DEPRECATED_OBJC_IMPLEMENTATIONS = YES;
				CLANG_WARN_DIRECT_OBJC_ISA_USAGE = YES_ERROR;
				CLANG_WARN_DOCUMENTATION_COMMENTS = YES;
				CLANG_WARN_EMPTY_BODY = YES;
				CLANG_WARN_ENUM_CONVERSION = YES;
				CLANG_WARN_INFINITE_RECURSION = YES;
				CLANG_WARN_INT_CONVERSION = YES;
				CLANG_WARN_NON_LITERAL_NULL_CONVERSION = YES;
				CLANG_WARN_OBJC_IMPLICIT_RETAIN_SELF = YES;
				CLANG_WARN_OBJC_LITERAL_CONVERSION = YES;
				CLANG_WARN_OBJC_ROOT_CLASS = YES_ERROR;
				CLANG_WARN_QUOTED_INCLUDE_IN_FRAMEWORK_HEADER = YES;
				CLANG_WARN_RANGE_LOOP_ANALYSIS = YES;
				CLANG_WARN_STRICT_PROTOTYPES = YES;
				CLANG_WARN_SUSPICIOUS_MOVE = YES;
				CLANG_WARN_UNGUARDED_AVAILABILITY = YES_AGGRESSIVE;
				CLANG_WARN_UNREACHABLE_CODE = YES;
				CLANG_WARN__DUPLICATE_METHOD_MATCH = YES;
				COPY_PHASE_STRIP = NO;
				DEBUG_INFORMATION_FORMAT = dwarf;
				ENABLE_STRICT_OBJC_MSGSEND = YES;
				ENABLE_TESTABILITY = YES;
				GCC_C_LANGUAGE_STANDARD = gnu11;
				GCC_DYNAMIC_NO_PIC = NO;
				GCC_NO_COMMON_BLOCKS = YES;
				GCC_OPTIMIZATION_LEVEL = 0;
				GCC_PREPROCESSOR_DEFINITIONS = (
					"DEBUG=1",
					"$(inherited)",
				);
				GCC_WARN_64_TO_32_BIT_CONVERSION = YES;
				GCC_WARN_ABOUT_RETURN_TYPE = YES_ERROR;
				GCC_WARN_UNDECLARED_SELECTOR = YES;
				GCC_WARN_UNINITIALIZED_AUTOS = YES_AGGRESSIVE;
				GCC_WARN_UNUSED_FUNCTION = YES;
				GCC_WARN_UNUSED_VARIABLE = YES;
				IPHONEOS_DEPLOYMENT_TARGET = 14.2;
				MTL_ENABLE_DEBUG_INFO = INCLUDE_SOURCE;
				MTL_FAST_MATH = YES;
				ONLY_ACTIVE_ARCH = YES;
				SDKROOT = iphoneos;
				SWIFT_ACTIVE_COMPILATION_CONDITIONS = DEBUG;
				SWIFT_OPTIMIZATION_LEVEL = "-Onone";
			};
			name = Debug;
		};
		A4D5270B25657F84001ECABF /* Release */ = {
			isa = XCBuildConfiguration;
			buildSettings = {
				ALWAYS_SEARCH_USER_PATHS = NO;
				CLANG_ANALYZER_NONNULL = YES;
				CLANG_ANALYZER_NUMBER_OBJECT_CONVERSION = YES_AGGRESSIVE;
				CLANG_CXX_LANGUAGE_STANDARD = "gnu++14";
				CLANG_CXX_LIBRARY = "libc++";
				CLANG_ENABLE_MODULES = YES;
				CLANG_ENABLE_OBJC_ARC = YES;
				CLANG_ENABLE_OBJC_WEAK = YES;
				CLANG_WARN_BLOCK_CAPTURE_AUTORELEASING = YES;
				CLANG_WARN_BOOL_CONVERSION = YES;
				CLANG_WARN_COMMA = YES;
				CLANG_WARN_CONSTANT_CONVERSION = YES;
				CLANG_WARN_DEPRECATED_OBJC_IMPLEMENTATIONS = YES;
				CLANG_WARN_DIRECT_OBJC_ISA_USAGE = YES_ERROR;
				CLANG_WARN_DOCUMENTATION_COMMENTS = YES;
				CLANG_WARN_EMPTY_BODY = YES;
				CLANG_WARN_ENUM_CONVERSION = YES;
				CLANG_WARN_INFINITE_RECURSION = YES;
				CLANG_WARN_INT_CONVERSION = YES;
				CLANG_WARN_NON_LITERAL_NULL_CONVERSION = YES;
				CLANG_WARN_OBJC_IMPLICIT_RETAIN_SELF = YES;
				CLANG_WARN_OBJC_LITERAL_CONVERSION = YES;
				CLANG_WARN_OBJC_ROOT_CLASS = YES_ERROR;
				CLANG_WARN_QUOTED_INCLUDE_IN_FRAMEWORK_HEADER = YES;
				CLANG_WARN_RANGE_LOOP_ANALYSIS = YES;
				CLANG_WARN_STRICT_PROTOTYPES = YES;
				CLANG_WARN_SUSPICIOUS_MOVE = YES;
				CLANG_WARN_UNGUARDED_AVAILABILITY = YES_AGGRESSIVE;
				CLANG_WARN_UNREACHABLE_CODE = YES;
				CLANG_WARN__DUPLICATE_METHOD_MATCH = YES;
				COPY_PHASE_STRIP = NO;
				DEBUG_INFORMATION_FORMAT = "dwarf-with-dsym";
				ENABLE_NS_ASSERTIONS = NO;
				ENABLE_STRICT_OBJC_MSGSEND = YES;
				GCC_C_LANGUAGE_STANDARD = gnu11;
				GCC_NO_COMMON_BLOCKS = YES;
				GCC_WARN_64_TO_32_BIT_CONVERSION = YES;
				GCC_WARN_ABOUT_RETURN_TYPE = YES_ERROR;
				GCC_WARN_UNDECLARED_SELECTOR = YES;
				GCC_WARN_UNINITIALIZED_AUTOS = YES_AGGRESSIVE;
				GCC_WARN_UNUSED_FUNCTION = YES;
				GCC_WARN_UNUSED_VARIABLE = YES;
				IPHONEOS_DEPLOYMENT_TARGET = 14.2;
				MTL_ENABLE_DEBUG_INFO = NO;
				MTL_FAST_MATH = YES;
				SDKROOT = iphoneos;
				SWIFT_COMPILATION_MODE = wholemodule;
				SWIFT_OPTIMIZATION_LEVEL = "-O";
				VALIDATE_PRODUCT = YES;
			};
			name = Release;
		};
		A4D5270D25657F84001ECABF /* Debug */ = {
			isa = XCBuildConfiguration;
			buildSettings = {
				ASSETCATALOG_COMPILER_APPICON_NAME = AppIcon;
				ASSETCATALOG_COMPILER_GLOBAL_ACCENT_COLOR_NAME = AccentColor;
				CODE_SIGN_STYLE = Automatic;
				DEVELOPMENT_ASSET_PATHS = "\"AnimeList/Preview Content\"";
				ENABLE_PREVIEWS = YES;
				INFOPLIST_FILE = AnimeList/Info.plist;
				LD_RUNPATH_SEARCH_PATHS = (
					"$(inherited)",
					"@executable_path/Frameworks",
				);
				PRODUCT_BUNDLE_IDENTIFIER = Matiny.AnimeList;
				PRODUCT_NAME = "$(TARGET_NAME)";
				SWIFT_VERSION = 5.0;
				TARGETED_DEVICE_FAMILY = "1,2";
			};
			name = Debug;
		};
		A4D5270E25657F84001ECABF /* Release */ = {
			isa = XCBuildConfiguration;
			buildSettings = {
				ASSETCATALOG_COMPILER_APPICON_NAME = AppIcon;
				ASSETCATALOG_COMPILER_GLOBAL_ACCENT_COLOR_NAME = AccentColor;
				CODE_SIGN_STYLE = Automatic;
				DEVELOPMENT_ASSET_PATHS = "\"AnimeList/Preview Content\"";
				ENABLE_PREVIEWS = YES;
				INFOPLIST_FILE = AnimeList/Info.plist;
				LD_RUNPATH_SEARCH_PATHS = (
					"$(inherited)",
					"@executable_path/Frameworks",
				);
				PRODUCT_BUNDLE_IDENTIFIER = Matiny.AnimeList;
				PRODUCT_NAME = "$(TARGET_NAME)";
				SWIFT_VERSION = 5.0;
				TARGETED_DEVICE_FAMILY = "1,2";
			};
			name = Release;
		};
/* End XCBuildConfiguration section */

/* Begin XCConfigurationList section */
		A4D526F325657F81001ECABF /* Build configuration list for PBXProject "AnimeList" */ = {
			isa = XCConfigurationList;
			buildConfigurations = (
				A4D5270A25657F84001ECABF /* Debug */,
				A4D5270B25657F84001ECABF /* Release */,
			);
			defaultConfigurationIsVisible = 0;
			defaultConfigurationName = Release;
		};
		A4D5270C25657F84001ECABF /* Build configuration list for PBXNativeTarget "AnimeList" */ = {
			isa = XCConfigurationList;
			buildConfigurations = (
				A4D5270D25657F84001ECABF /* Debug */,
				A4D5270E25657F84001ECABF /* Release */,
			);
			defaultConfigurationIsVisible = 0;
			defaultConfigurationName = Release;
		};
/* End XCConfigurationList section */
	};
	rootObject = A4D526F025657F81001ECABF /* Project object */;
}
